
Microsoft Visual Studio Solution File, Format Version 12.00
# Visual Studio Version 16
VisualStudioVersion = 16.0.31702.278
MinimumVisualStudioVersion = 10.0.40219.1
Project("{FAE04EC0-301F-11D3-BF4B-00C04F79EFBC}") = "P01ZadanieTablice", "P01ZadanieTablice\P01ZadanieTablice.csproj", "{86ED7092-5E8F-4BEE-91B2-E15A6E68E391}"
EndProject
Project("{FAE04EC0-301F-11D3-BF4B-00C04F79EFBC}") = "P02TypyZmiennych", "P02TypyZmiennych\P02TypyZmiennych.csproj", "{CC801662-91B2-4239-845C-348E2567DE91}"
EndProject
Project("{FAE04EC0-301F-11D3-BF4B-00C04F79EFBC}") = "P03WlasneKlasy", "P03WlasneKlasy\P03WlasneKlasy.csproj", "{63810294-3CB9-43A5-8BBD-2F15FF200578}"
EndProject
Project("{FAE04EC0-301F-11D3-BF4B-00C04F79EFBC}") = "P04ZadanieTemperatura", "P04ZadanieTemperatura\P04ZadanieTemperatura.csproj", "{88FA6AD7-8714-45C9-9E90-B418FFE6A3BA}"
EndProject
Project("{FAE04EC0-301F-11D3-BF4B-00C04F79EFBC}") = "P05Enumeratory", "P05Enumeratory\P05Enumeratory.csproj", "{FBC5FCD2-6B5C-4362-AE41-80780DF7F19A}"
EndProject
Project("{FAE04EC0-301F-11D3-BF4B-00C04F79EFBC}") = "P06ZadaniePogoda", "P06ZadaniePogoda\P06ZadaniePogoda.csproj", "{8382277B-372B-4672-A749-A865792742B4}"
EndProject
Project("{FAE04EC0-301F-11D3-BF4B-00C04F79EFBC}") = "P07Konstruktory", "P07Konstruktory\P07Konstruktory.csproj", "{0CC91FFE-070D-43F2-BFD4-A65C66FF8046}"
EndProject
Project("{FAE04EC0-301F-11D3-BF4B-00C04F79EFBC}") = "P08ZadanieKalkulator", "P08ZadanieKalkulator\P08ZadanieKalkulator.csproj", "{EB662177-CFD4-447A-9729-463565778897}"
EndProject
Project("{FAE04EC0-301F-11D3-BF4B-00C04F79EFBC}") = "P09ZadanieZawodnicy", "P09ZadanieZawodnicy\P09ZadanieZawodnicy.csproj", "{D33EEE12-8961-4E7D-812D-0C6725422E8E}"
EndProject
Project("{FAE04EC0-301F-11D3-BF4B-00C04F79EFBC}") = "P10ZadanieManagerZawodnikow", "P10ZadanieManagerZawodnikow\P10ZadanieManagerZawodnikow.csproj", "{E9603E0D-41C1-4E36-B4F1-CB6A43644EE9}"
EndProject
Global
	GlobalSection(SolutionConfigurationPlatforms) = preSolution
		Debug|Any CPU = Debug|Any CPU
		Release|Any CPU = Release|Any CPU
	EndGlobalSection
	GlobalSection(ProjectConfigurationPlatforms) = postSolution
		{86ED7092-5E8F-4BEE-91B2-E15A6E68E391}.Debug|Any CPU.ActiveCfg = Debug|Any CPU
		{86ED7092-5E8F-4BEE-91B2-E15A6E68E391}.Debug|Any CPU.Build.0 = Debug|Any CPU
		{86ED7092-5E8F-4BEE-91B2-E15A6E68E391}.Release|Any CPU.ActiveCfg = Release|Any CPU
		{86ED7092-5E8F-4BEE-91B2-E15A6E68E391}.Release|Any CPU.Build.0 = Release|Any CPU
		{CC801662-91B2-4239-845C-348E2567DE91}.Debug|Any CPU.ActiveCfg = Debug|Any CPU
		{CC801662-91B2-4239-845C-348E2567DE91}.Debug|Any CPU.Build.0 = Debug|Any CPU
		{CC801662-91B2-4239-845C-348E2567DE91}.Release|Any CPU.ActiveCfg = Release|Any CPU
		{CC801662-91B2-4239-845C-348E2567DE91}.Release|Any CPU.Build.0 = Release|Any CPU
		{63810294-3CB9-43A5-8BBD-2F15FF200578}.Debug|Any CPU.ActiveCfg = Debug|Any CPU
		{63810294-3CB9-43A5-8BBD-2F15FF200578}.Debug|Any CPU.Build.0 = Debug|Any CPU
		{63810294-3CB9-43A5-8BBD-2F15FF200578}.Release|Any CPU.ActiveCfg = Release|Any CPU
		{63810294-3CB9-43A5-8BBD-2F15FF200578}.Release|Any CPU.Build.0 = Release|Any CPU
		{88FA6AD7-8714-45C9-9E90-B418FFE6A3BA}.Debug|Any CPU.ActiveCfg = Debug|Any CPU
		{88FA6AD7-8714-45C9-9E90-B418FFE6A3BA}.Debug|Any CPU.Build.0 = Debug|Any CPU
		{88FA6AD7-8714-45C9-9E90-B418FFE6A3BA}.Release|Any CPU.ActiveCfg = Release|Any CPU
		{88FA6AD7-8714-45C9-9E90-B418FFE6A3BA}.Release|Any CPU.Build.0 = Release|Any CPU
		{FBC5FCD2-6B5C-4362-AE41-80780DF7F19A}.Debug|Any CPU.ActiveCfg = Debug|Any CPU
		{FBC5FCD2-6B5C-4362-AE41-80780DF7F19A}.Debug|Any CPU.Build.0 = Debug|Any CPU
		{FBC5FCD2-6B5C-4362-AE41-80780DF7F19A}.Release|Any CPU.ActiveCfg = Release|Any CPU
		{FBC5FCD2-6B5C-4362-AE41-80780DF7F19A}.Release|Any CPU.Build.0 = Release|Any CPU
		{8382277B-372B-4672-A749-A865792742B4}.Debug|Any CPU.ActiveCfg = Debug|Any CPU
		{8382277B-372B-4672-A749-A865792742B4}.Debug|Any CPU.Build.0 = Debug|Any CPU
		{8382277B-372B-4672-A749-A865792742B4}.Release|Any CPU.ActiveCfg = Release|Any CPU
		{8382277B-372B-4672-A749-A865792742B4}.Release|Any CPU.Build.0 = Release|Any CPU
		{0CC91FFE-070D-43F2-BFD4-A65C66FF8046}.Debug|Any CPU.ActiveCfg = Debug|Any CPU
		{0CC91FFE-070D-43F2-BFD4-A65C66FF8046}.Debug|Any CPU.Build.0 = Debug|Any CPU
		{0CC91FFE-070D-43F2-BFD4-A65C66FF8046}.Release|Any CPU.ActiveCfg = Release|Any CPU
		{0CC91FFE-070D-43F2-BFD4-A65C66FF8046}.Release|Any CPU.Build.0 = Release|Any CPU
		{EB662177-CFD4-447A-9729-463565778897}.Debug|Any CPU.ActiveCfg = Debug|Any CPU
		{EB662177-CFD4-447A-9729-463565778897}.Debug|Any CPU.Build.0 = Debug|Any CPU
		{EB662177-CFD4-447A-9729-463565778897}.Release|Any CPU.ActiveCfg = Release|Any CPU
		{EB662177-CFD4-447A-9729-463565778897}.Release|Any CPU.Build.0 = Release|Any CPU
		{D33EEE12-8961-4E7D-812D-0C6725422E8E}.Debug|Any CPU.ActiveCfg = Debug|Any CPU
		{D33EEE12-8961-4E7D-812D-0C6725422E8E}.Debug|Any CPU.Build.0 = Debug|Any CPU
		{D33EEE12-8961-4E7D-812D-0C6725422E8E}.Release|Any CPU.ActiveCfg = Release|Any CPU
		{D33EEE12-8961-4E7D-812D-0C6725422E8E}.Release|Any CPU.Build.0 = Release|Any CPU
		{E9603E0D-41C1-4E36-B4F1-CB6A43644EE9}.Debug|Any CPU.ActiveCfg = Debug|Any CPU
		{E9603E0D-41C1-4E36-B4F1-CB6A43644EE9}.Debug|Any CPU.Build.0 = Debug|Any CPU
		{E9603E0D-41C1-4E36-B4F1-CB6A43644EE9}.Release|Any CPU.ActiveCfg = Release|Any CPU
		{E9603E0D-41C1-4E36-B4F1-CB6A43644EE9}.Release|Any CPU.Build.0 = Release|Any CPU
	EndGlobalSection
	GlobalSection(SolutionProperties) = preSolution
		HideSolutionNode = FALSE
	EndGlobalSection
	GlobalSection(ExtensibilityGlobals) = postSolution
		SolutionGuid = {FBDAF56C-B4EB-4FD1-A990-FF5CAADC46CF}
	EndGlobalSection
EndGlobal
